
Microsoft Visual Studio Solution File, Format Version 12.00
# Visual Studio 15
VisualStudioVersion = 15.0.28010.2041
MinimumVisualStudioVersion = 10.0.40219.1
Project("{9A19103F-16F7-4668-BE54-9A1E7A4F7556}") = "Features", "Features\Features.csproj", "{35A3EF20-1017-4629-A583-31B8467CA9A0}"
EndProject
Project("{9A19103F-16F7-4668-BE54-9A1E7A4F7556}") = "ExtentionMethods", "ExtentionMethods\ExtentionMethods.csproj", "{93313FDD-F133-40F1-B51D-1AC26B253AD2}"
EndProject
Project("{FAE04EC0-301F-11D3-BF4B-00C04F79EFBC}") = "AnonymousTypes", "AnonymousTypes\AnonymousTypes.csproj", "{DB3EB0AA-8DC5-4CB9-B7CB-EC15BE62CA8C}"
EndProject
Project("{9A19103F-16F7-4668-BE54-9A1E7A4F7556}") = "Deconstructors", "Deconstructors\Deconstructors.csproj", "{6310612D-5F4D-4984-89DB-0AD1AB7EF2E4}"
EndProject
Project("{9A19103F-16F7-4668-BE54-9A1E7A4F7556}") = "Threads", "Threads\Threads.csproj", "{152AF3C4-FE4E-43E9-AF5A-8111B067E930}"
EndProject
Project("{9A19103F-16F7-4668-BE54-9A1E7A4F7556}") = "CovarianceAndContravarianceDelegates", "CovarianceAndContravarianceDelegates\CovarianceAndContravarianceDelegates.csproj", "{6A99285B-04BD-4C87-814A-4F3B50F505B2}"
EndProject
Project("{FAE04EC0-301F-11D3-BF4B-00C04F79EFBC}") = "StringResearch", "StringResearch\StringResearch.csproj", "{05958F26-3D0E-4A2D-B389-006F4A0AD920}"
EndProject
Project("{FAE04EC0-301F-11D3-BF4B-00C04F79EFBC}") = "Exceptions", "Exceptions\Exceptions.csproj", "{9D1F0815-CAB7-4656-8D86-9CC40FD08A35}"
EndProject
Project("{FAE04EC0-301F-11D3-BF4B-00C04F79EFBC}") = "Enumeration", "Enumeration\Enumeration.csproj", "{953ECEDA-73F6-49B5-8A20-40E5A31613E0}"
EndProject
Project("{2150E333-8FDC-42A3-9474-1A3956D46DE8}") = "Recursion", "Recursion", "{AEC644F3-03C2-42BB-8C65-9E44799285C0}"
EndProject
Project("{FAE04EC0-301F-11D3-BF4B-00C04F79EFBC}") = "RecursionExamples", "RecursionExamples\RecursionExamples.csproj", "{B3C976EA-2949-4D6F-9B5B-7153D6F8F9CC}"
EndProject
Global
	GlobalSection(SolutionConfigurationPlatforms) = preSolution
		Debug|Any CPU = Debug|Any CPU
		Release|Any CPU = Release|Any CPU
	EndGlobalSection
	GlobalSection(ProjectConfigurationPlatforms) = postSolution
		{35A3EF20-1017-4629-A583-31B8467CA9A0}.Debug|Any CPU.ActiveCfg = Debug|Any CPU
		{35A3EF20-1017-4629-A583-31B8467CA9A0}.Debug|Any CPU.Build.0 = Debug|Any CPU
		{35A3EF20-1017-4629-A583-31B8467CA9A0}.Release|Any CPU.ActiveCfg = Release|Any CPU
		{35A3EF20-1017-4629-A583-31B8467CA9A0}.Release|Any CPU.Build.0 = Release|Any CPU
		{93313FDD-F133-40F1-B51D-1AC26B253AD2}.Debug|Any CPU.ActiveCfg = Debug|Any CPU
		{93313FDD-F133-40F1-B51D-1AC26B253AD2}.Debug|Any CPU.Build.0 = Debug|Any CPU
		{93313FDD-F133-40F1-B51D-1AC26B253AD2}.Release|Any CPU.ActiveCfg = Release|Any CPU
		{93313FDD-F133-40F1-B51D-1AC26B253AD2}.Release|Any CPU.Build.0 = Release|Any CPU
		{DB3EB0AA-8DC5-4CB9-B7CB-EC15BE62CA8C}.Debug|Any CPU.ActiveCfg = Debug|Any CPU
		{DB3EB0AA-8DC5-4CB9-B7CB-EC15BE62CA8C}.Debug|Any CPU.Build.0 = Debug|Any CPU
		{DB3EB0AA-8DC5-4CB9-B7CB-EC15BE62CA8C}.Release|Any CPU.ActiveCfg = Release|Any CPU
		{DB3EB0AA-8DC5-4CB9-B7CB-EC15BE62CA8C}.Release|Any CPU.Build.0 = Release|Any CPU
		{6310612D-5F4D-4984-89DB-0AD1AB7EF2E4}.Debug|Any CPU.ActiveCfg = Debug|Any CPU
		{6310612D-5F4D-4984-89DB-0AD1AB7EF2E4}.Debug|Any CPU.Build.0 = Debug|Any CPU
		{6310612D-5F4D-4984-89DB-0AD1AB7EF2E4}.Release|Any CPU.ActiveCfg = Release|Any CPU
		{6310612D-5F4D-4984-89DB-0AD1AB7EF2E4}.Release|Any CPU.Build.0 = Release|Any CPU
		{152AF3C4-FE4E-43E9-AF5A-8111B067E930}.Debug|Any CPU.ActiveCfg = Debug|Any CPU
		{152AF3C4-FE4E-43E9-AF5A-8111B067E930}.Debug|Any CPU.Build.0 = Debug|Any CPU
		{152AF3C4-FE4E-43E9-AF5A-8111B067E930}.Release|Any CPU.ActiveCfg = Release|Any CPU
		{152AF3C4-FE4E-43E9-AF5A-8111B067E930}.Release|Any CPU.Build.0 = Release|Any CPU
		{6A99285B-04BD-4C87-814A-4F3B50F505B2}.Debug|Any CPU.ActiveCfg = Debug|Any CPU
		{6A99285B-04BD-4C87-814A-4F3B50F505B2}.Debug|Any CPU.Build.0 = Debug|Any CPU
		{6A99285B-04BD-4C87-814A-4F3B50F505B2}.Release|Any CPU.ActiveCfg = Release|Any CPU
		{6A99285B-04BD-4C87-814A-4F3B50F505B2}.Release|Any CPU.Build.0 = Release|Any CPU
		{05958F26-3D0E-4A2D-B389-006F4A0AD920}.Debug|Any CPU.ActiveCfg = Debug|Any CPU
		{05958F26-3D0E-4A2D-B389-006F4A0AD920}.Debug|Any CPU.Build.0 = Debug|Any CPU
		{05958F26-3D0E-4A2D-B389-006F4A0AD920}.Release|Any CPU.ActiveCfg = Release|Any CPU
		{05958F26-3D0E-4A2D-B389-006F4A0AD920}.Release|Any CPU.Build.0 = Release|Any CPU
		{9D1F0815-CAB7-4656-8D86-9CC40FD08A35}.Debug|Any CPU.ActiveCfg = Debug|Any CPU
		{9D1F0815-CAB7-4656-8D86-9CC40FD08A35}.Debug|Any CPU.Build.0 = Debug|Any CPU
		{9D1F0815-CAB7-4656-8D86-9CC40FD08A35}.Release|Any CPU.ActiveCfg = Release|Any CPU
		{9D1F0815-CAB7-4656-8D86-9CC40FD08A35}.Release|Any CPU.Build.0 = Release|Any CPU
		{953ECEDA-73F6-49B5-8A20-40E5A31613E0}.Debug|Any CPU.ActiveCfg = Debug|Any CPU
		{953ECEDA-73F6-49B5-8A20-40E5A31613E0}.Debug|Any CPU.Build.0 = Debug|Any CPU
		{953ECEDA-73F6-49B5-8A20-40E5A31613E0}.Release|Any CPU.ActiveCfg = Release|Any CPU
		{953ECEDA-73F6-49B5-8A20-40E5A31613E0}.Release|Any CPU.Build.0 = Release|Any CPU
		{B3C976EA-2949-4D6F-9B5B-7153D6F8F9CC}.Debug|Any CPU.ActiveCfg = Debug|Any CPU
		{B3C976EA-2949-4D6F-9B5B-7153D6F8F9CC}.Debug|Any CPU.Build.0 = Debug|Any CPU
		{B3C976EA-2949-4D6F-9B5B-7153D6F8F9CC}.Release|Any CPU.ActiveCfg = Release|Any CPU
		{B3C976EA-2949-4D6F-9B5B-7153D6F8F9CC}.Release|Any CPU.Build.0 = Release|Any CPU
	EndGlobalSection
	GlobalSection(SolutionProperties) = preSolution
		HideSolutionNode = FALSE
	EndGlobalSection
	GlobalSection(NestedProjects) = preSolution
		{B3C976EA-2949-4D6F-9B5B-7153D6F8F9CC} = {AEC644F3-03C2-42BB-8C65-9E44799285C0}
	EndGlobalSection
	GlobalSection(ExtensibilityGlobals) = postSolution
		SolutionGuid = {8932BEF7-1FA0-4BE5-9566-BB4AD605FA9E}
	EndGlobalSection
EndGlobal
